
Microsoft Visual Studio Solution File, Format Version 12.00
# Visual Studio Version 16
VisualStudioVersion = 16.0.30225.117
MinimumVisualStudioVersion = 10.0.40219.1
Project("{9A19103F-16F7-4668-BE54-9A1E7A4F7556}") = "Greeter", "Greeter\Greeter.csproj", "{2F4ACD43-0220-42ED-AF7F-A79073188F80}"
EndProject
Project("{9A19103F-16F7-4668-BE54-9A1E7A4F7556}") = "GreeterServer", "GreeterServer\GreeterServer.csproj", "{F06F17D1-4DD6-4B7C-A906-6DA872138300}"
EndProject
Project("{9A19103F-16F7-4668-BE54-9A1E7A4F7556}") = "GreeterClient", "GreeterClient\GreeterClient.csproj", "{5545C5AB-E99C-47ED-9302-45E167C35DF1}"
EndProject
Global
	GlobalSection(SolutionConfigurationPlatforms) = preSolution
		Debug|Any CPU = Debug|Any CPU
		Release|Any CPU = Release|Any CPU
	EndGlobalSection
	GlobalSection(ProjectConfigurationPlatforms) = postSolution
		{2F4ACD43-0220-42ED-AF7F-A79073188F80}.Debug|Any CPU.ActiveCfg = Debug|Any CPU
		{2F4ACD43-0220-42ED-AF7F-A79073188F80}.Debug|Any CPU.Build.0 = Debug|Any CPU
		{2F4ACD43-0220-42ED-AF7F-A79073188F80}.Release|Any CPU.ActiveCfg = Release|Any CPU
		{2F4ACD43-0220-42ED-AF7F-A79073188F80}.Release|Any CPU.Build.0 = Release|Any CPU
		{F06F17D1-4DD6-4B7C-A906-6DA872138300}.Debug|Any CPU.ActiveCfg = Debug|Any CPU
		{F06F17D1-4DD6-4B7C-A906-6DA872138300}.Debug|Any CPU.Build.0 = Debug|Any CPU
		{F06F17D1-4DD6-4B7C-A906-6DA872138300}.Release|Any CPU.ActiveCfg = Release|Any CPU
		{F06F17D1-4DD6-4B7C-A906-6DA872138300}.Release|Any CPU.Build.0 = Release|Any CPU
		{5545C5AB-E99C-47ED-9302-45E167C35DF1}.Debug|Any CPU.ActiveCfg = Debug|Any CPU
		{5545C5AB-E99C-47ED-9302-45E167C35DF1}.Debug|Any CPU.Build.0 = Debug|Any CPU
		{5545C5AB-E99C-47ED-9302-45E167C35DF1}.Release|Any CPU.ActiveCfg = Release|Any CPU
		{5545C5AB-E99C-47ED-9302-45E167C35DF1}.Release|Any CPU.Build.0 = Release|Any CPU
	EndGlobalSection
	GlobalSection(SolutionProperties) = preSolution
		HideSolutionNode = FALSE
	EndGlobalSection
	GlobalSection(ExtensibilityGlobals) = postSolution
		SolutionGuid = {601D4594-25F1-48F1-8135-870BD0D8A5D3}
	EndGlobalSection
EndGlobal
